// !$*UTF8*$!
{
	archiveVersion = 1;
	classes = {
	};
	objectVersion = 50;
	objects = {

/* Begin PBXBuildFile section */
		900454D22184A86900D2ACFA /* TranslateService.swift in Sources */ = {isa = PBXBuildFile; fileRef = 900454D12184A86900D2ACFA /* TranslateService.swift */; };
		901335E4218F40F7004F6599 /* ConvertTestCase.swift in Sources */ = {isa = PBXBuildFile; fileRef = 901335E3218F40F7004F6599 /* ConvertTestCase.swift */; };
		901335E6218F4208004F6599 /* fixer.json in Resources */ = {isa = PBXBuildFile; fileRef = 901335E5218F4208004F6599 /* fixer.json */; };
		901335E8218F4A3E004F6599 /* FakeResponseData.swift in Sources */ = {isa = PBXBuildFile; fileRef = 901335E7218F4A3E004F6599 /* FakeResponseData.swift */; };
		901335EA218F4D8C004F6599 /* URLSessionFake.swift in Sources */ = {isa = PBXBuildFile; fileRef = 901335E9218F4D8C004F6599 /* URLSessionFake.swift */; };
		901335EE218F77DE004F6599 /* googleTranslate.json in Resources */ = {isa = PBXBuildFile; fileRef = 901335ED218F77DE004F6599 /* googleTranslate.json */; };
		901335F0218F7828004F6599 /* TranslateTestCase.swift in Sources */ = {isa = PBXBuildFile; fileRef = 901335EF218F7828004F6599 /* TranslateTestCase.swift */; };
		901335F3218F7F82004F6599 /* WeathertestCase.swift in Sources */ = {isa = PBXBuildFile; fileRef = 901335F2218F7F82004F6599 /* WeathertestCase.swift */; };
		901335F5218F7F96004F6599 /* yahooWeather.json in Resources */ = {isa = PBXBuildFile; fileRef = 901335F4218F7F96004F6599 /* yahooWeather.json */; };
		903084922179D4EE008C6853 /* mplus-1c-light.ttf in Resources */ = {isa = PBXBuildFile; fileRef = 903084902179D4EE008C6853 /* mplus-1c-light.ttf */; };
		903084932179D4EE008C6853 /* PlayfairDisplay-Regular.otf in Resources */ = {isa = PBXBuildFile; fileRef = 903084912179D4EE008C6853 /* PlayfairDisplay-Regular.otf */; };
		903AB414217DAD49004683DF /* Weather.swift in Sources */ = {isa = PBXBuildFile; fileRef = 903AB413217DAD49004683DF /* Weather.swift */; };
		903AB416217DADFB004683DF /* Convert.swift in Sources */ = {isa = PBXBuildFile; fileRef = 903AB415217DADFB004683DF /* Convert.swift */; };
		903AB41B217DB789004683DF /* WebServices.swift in Sources */ = {isa = PBXBuildFile; fileRef = 903AB41A217DB789004683DF /* WebServices.swift */; };
		904C77B821872AD4000762A6 /* UIViewController+AlertVC.swift in Sources */ = {isa = PBXBuildFile; fileRef = 904C77B721872AD4000762A6 /* UIViewController+AlertVC.swift */; };
		904C77BA21872D1D000762A6 /* UIViewController+ActivityIndicator.swift in Sources */ = {isa = PBXBuildFile; fileRef = 904C77B921872D1D000762A6 /* UIViewController+ActivityIndicator.swift */; };
		904C77BD21874769000762A6 /* WeatherService.swift in Sources */ = {isa = PBXBuildFile; fileRef = 904C77BC21874769000762A6 /* WeatherService.swift */; };
		904C77BF2187530A000762A6 /* Places.swift in Sources */ = {isa = PBXBuildFile; fileRef = 904C77BE2187530A000762A6 /* Places.swift */; };
		908DFEF621830DF6001E88EC /* HTTPMethod.swift in Sources */ = {isa = PBXBuildFile; fileRef = 908DFEF521830DF6001E88EC /* HTTPMethod.swift */; };
		909B85252181EF4C00A09F57 /* WeatherViewController.swift in Sources */ = {isa = PBXBuildFile; fileRef = 909B85242181EF4C00A09F57 /* WeatherViewController.swift */; };
		909B85272181EF6F00A09F57 /* TranslateViewController.swift in Sources */ = {isa = PBXBuildFile; fileRef = 909B85262181EF6F00A09F57 /* TranslateViewController.swift */; };
		909B85292181F0AD00A09F57 /* Translate.swift in Sources */ = {isa = PBXBuildFile; fileRef = 909B85282181F0AD00A09F57 /* Translate.swift */; };
		909B852F2181F9DB00A09F57 /* APIKeys.swift in Sources */ = {isa = PBXBuildFile; fileRef = 909B852E2181F9DB00A09F57 /* APIKeys.swift */; };
		90D3A41C2179B9F80096C895 /* AppDelegate.swift in Sources */ = {isa = PBXBuildFile; fileRef = 90D3A41B2179B9F80096C895 /* AppDelegate.swift */; };
		90D3A4212179B9F80096C895 /* Main.storyboard in Resources */ = {isa = PBXBuildFile; fileRef = 90D3A41F2179B9F80096C895 /* Main.storyboard */; };
		90D3A4232179B9F90096C895 /* Assets.xcassets in Resources */ = {isa = PBXBuildFile; fileRef = 90D3A4222179B9F90096C895 /* Assets.xcassets */; };
		90D3A4262179B9F90096C895 /* LaunchScreen.storyboard in Resources */ = {isa = PBXBuildFile; fileRef = 90D3A4242179B9F90096C895 /* LaunchScreen.storyboard */; };
		90F1F444217F8A6000ABFFC6 /* ConvertViewController.swift in Sources */ = {isa = PBXBuildFile; fileRef = 90A14C1B217EE85A005F26B6 /* ConvertViewController.swift */; };
		90F7E67F217F2EA4002904F5 /* ConvertService.swift in Sources */ = {isa = PBXBuildFile; fileRef = 90F7E67E217F2EA4002904F5 /* ConvertService.swift */; };
/* End PBXBuildFile section */

/* Begin PBXContainerItemProxy section */
		901335DE218F407F004F6599 /* PBXContainerItemProxy */ = {
			isa = PBXContainerItemProxy;
			containerPortal = 90D3A4102179B9F80096C895 /* Project object */;
			proxyType = 1;
			remoteGlobalIDString = 90D3A4172179B9F80096C895;
			remoteInfo = "Le Baluchon";
		};
/* End PBXContainerItemProxy section */

/* Begin PBXFileReference section */
		900454D12184A86900D2ACFA /* TranslateService.swift */ = {isa = PBXFileReference; lastKnownFileType = sourcecode.swift; path = TranslateService.swift; sourceTree = "<group>"; };
		901335D9218F407F004F6599 /* Le BaluchonTests.xctest */ = {isa = PBXFileReference; explicitFileType = wrapper.cfbundle; includeInIndex = 0; path = "Le BaluchonTests.xctest"; sourceTree = BUILT_PRODUCTS_DIR; };
		901335DD218F407F004F6599 /* Info.plist */ = {isa = PBXFileReference; lastKnownFileType = text.plist.xml; path = Info.plist; sourceTree = "<group>"; };
		901335E3218F40F7004F6599 /* ConvertTestCase.swift */ = {isa = PBXFileReference; lastKnownFileType = sourcecode.swift; path = ConvertTestCase.swift; sourceTree = "<group>"; };
		901335E5218F4208004F6599 /* fixer.json */ = {isa = PBXFileReference; fileEncoding = 4; lastKnownFileType = text.json; path = fixer.json; sourceTree = "<group>"; };
		901335E7218F4A3E004F6599 /* FakeResponseData.swift */ = {isa = PBXFileReference; lastKnownFileType = sourcecode.swift; path = FakeResponseData.swift; sourceTree = "<group>"; };
		901335E9218F4D8C004F6599 /* URLSessionFake.swift */ = {isa = PBXFileReference; lastKnownFileType = sourcecode.swift; path = URLSessionFake.swift; sourceTree = "<group>"; };
		901335ED218F77DE004F6599 /* googleTranslate.json */ = {isa = PBXFileReference; fileEncoding = 4; lastKnownFileType = text.json; path = googleTranslate.json; sourceTree = "<group>"; };
		901335EF218F7828004F6599 /* TranslateTestCase.swift */ = {isa = PBXFileReference; lastKnownFileType = sourcecode.swift; path = TranslateTestCase.swift; sourceTree = "<group>"; };
		901335F2218F7F82004F6599 /* WeathertestCase.swift */ = {isa = PBXFileReference; lastKnownFileType = sourcecode.swift; path = WeathertestCase.swift; sourceTree = "<group>"; };
		901335F4218F7F96004F6599 /* yahooWeather.json */ = {isa = PBXFileReference; fileEncoding = 4; lastKnownFileType = text.json; path = yahooWeather.json; sourceTree = "<group>"; };
		903084902179D4EE008C6853 /* mplus-1c-light.ttf */ = {isa = PBXFileReference; lastKnownFileType = file; path = "mplus-1c-light.ttf"; sourceTree = "<group>"; };
		903084912179D4EE008C6853 /* PlayfairDisplay-Regular.otf */ = {isa = PBXFileReference; lastKnownFileType = file; path = "PlayfairDisplay-Regular.otf"; sourceTree = "<group>"; };
		903AB413217DAD49004683DF /* Weather.swift */ = {isa = PBXFileReference; lastKnownFileType = sourcecode.swift; path = Weather.swift; sourceTree = "<group>"; };
		903AB415217DADFB004683DF /* Convert.swift */ = {isa = PBXFileReference; lastKnownFileType = sourcecode.swift; path = Convert.swift; sourceTree = "<group>"; };
		903AB41A217DB789004683DF /* WebServices.swift */ = {isa = PBXFileReference; lastKnownFileType = sourcecode.swift; path = WebServices.swift; sourceTree = "<group>"; };
		904C77B721872AD4000762A6 /* UIViewController+AlertVC.swift */ = {isa = PBXFileReference; lastKnownFileType = sourcecode.swift; path = "UIViewController+AlertVC.swift"; sourceTree = "<group>"; };
		904C77B921872D1D000762A6 /* UIViewController+ActivityIndicator.swift */ = {isa = PBXFileReference; lastKnownFileType = sourcecode.swift; path = "UIViewController+ActivityIndicator.swift"; sourceTree = "<group>"; };
		904C77BC21874769000762A6 /* WeatherService.swift */ = {isa = PBXFileReference; lastKnownFileType = sourcecode.swift; path = WeatherService.swift; sourceTree = "<group>"; };
		904C77BE2187530A000762A6 /* Places.swift */ = {isa = PBXFileReference; lastKnownFileType = sourcecode.swift; path = Places.swift; sourceTree = "<group>"; };
		908DFEF521830DF6001E88EC /* HTTPMethod.swift */ = {isa = PBXFileReference; lastKnownFileType = sourcecode.swift; path = HTTPMethod.swift; sourceTree = "<group>"; };
		909B85242181EF4C00A09F57 /* WeatherViewController.swift */ = {isa = PBXFileReference; lastKnownFileType = sourcecode.swift; path = WeatherViewController.swift; sourceTree = "<group>"; };
		909B85262181EF6F00A09F57 /* TranslateViewController.swift */ = {isa = PBXFileReference; lastKnownFileType = sourcecode.swift; path = TranslateViewController.swift; sourceTree = "<group>"; };
		909B85282181F0AD00A09F57 /* Translate.swift */ = {isa = PBXFileReference; lastKnownFileType = sourcecode.swift; path = Translate.swift; sourceTree = "<group>"; };
		909B852E2181F9DB00A09F57 /* APIKeys.swift */ = {isa = PBXFileReference; lastKnownFileType = sourcecode.swift; path = APIKeys.swift; sourceTree = "<group>"; };
		90A14C1B217EE85A005F26B6 /* ConvertViewController.swift */ = {isa = PBXFileReference; lastKnownFileType = sourcecode.swift; path = ConvertViewController.swift; sourceTree = "<group>"; };
		90D3A4182179B9F80096C895 /* Le Baluchon.app */ = {isa = PBXFileReference; explicitFileType = wrapper.application; includeInIndex = 0; path = "Le Baluchon.app"; sourceTree = BUILT_PRODUCTS_DIR; };
		90D3A41B2179B9F80096C895 /* AppDelegate.swift */ = {isa = PBXFileReference; lastKnownFileType = sourcecode.swift; path = AppDelegate.swift; sourceTree = "<group>"; };
		90D3A4202179B9F80096C895 /* Base */ = {isa = PBXFileReference; lastKnownFileType = file.storyboard; name = Base; path = Base.lproj/Main.storyboard; sourceTree = "<group>"; };
		90D3A4222179B9F90096C895 /* Assets.xcassets */ = {isa = PBXFileReference; lastKnownFileType = folder.assetcatalog; path = Assets.xcassets; sourceTree = "<group>"; };
		90D3A4252179B9F90096C895 /* Base */ = {isa = PBXFileReference; lastKnownFileType = file.storyboard; name = Base; path = Base.lproj/LaunchScreen.storyboard; sourceTree = "<group>"; };
		90D3A4272179B9F90096C895 /* Info.plist */ = {isa = PBXFileReference; lastKnownFileType = text.plist.xml; path = Info.plist; sourceTree = "<group>"; };
		90F7E67E217F2EA4002904F5 /* ConvertService.swift */ = {isa = PBXFileReference; lastKnownFileType = sourcecode.swift; path = ConvertService.swift; sourceTree = "<group>"; };
/* End PBXFileReference section */

/* Begin PBXFrameworksBuildPhase section */
		901335D6218F407F004F6599 /* Frameworks */ = {
			isa = PBXFrameworksBuildPhase;
			buildActionMask = 2147483647;
			files = (
			);
			runOnlyForDeploymentPostprocessing = 0;
		};
		90D3A4152179B9F80096C895 /* Frameworks */ = {
			isa = PBXFrameworksBuildPhase;
			buildActionMask = 2147483647;
			files = (
			);
			runOnlyForDeploymentPostprocessing = 0;
		};
/* End PBXFrameworksBuildPhase section */

/* Begin PBXGroup section */
		901335DA218F407F004F6599 /* Le BaluchonTests */ = {
			isa = PBXGroup;
			children = (
				901335DD218F407F004F6599 /* Info.plist */,
				901335E7218F4A3E004F6599 /* FakeResponseData.swift */,
				901335E9218F4D8C004F6599 /* URLSessionFake.swift */,
				901335EB218F7799004F6599 /* ConvertTest */,
				901335EC218F77BA004F6599 /* TranslateTest */,
				901335F1218F7F62004F6599 /* Weather */,
			);
			path = "Le BaluchonTests";
			sourceTree = "<group>";
		};
		901335EB218F7799004F6599 /* ConvertTest */ = {
			isa = PBXGroup;
			children = (
				901335E3218F40F7004F6599 /* ConvertTestCase.swift */,
				901335E5218F4208004F6599 /* fixer.json */,
			);
			path = ConvertTest;
			sourceTree = "<group>";
		};
		901335EC218F77BA004F6599 /* TranslateTest */ = {
			isa = PBXGroup;
			children = (
				901335EF218F7828004F6599 /* TranslateTestCase.swift */,
				901335ED218F77DE004F6599 /* googleTranslate.json */,
			);
			path = TranslateTest;
			sourceTree = "<group>";
		};
		901335F1218F7F62004F6599 /* Weather */ = {
			isa = PBXGroup;
			children = (
				901335F2218F7F82004F6599 /* WeathertestCase.swift */,
				901335F4218F7F96004F6599 /* yahooWeather.json */,
			);
			path = Weather;
			sourceTree = "<group>";
		};
		903AB412217DAD2D004683DF /* Model */ = {
			isa = PBXGroup;
			children = (
				908DFEF521830DF6001E88EC /* HTTPMethod.swift */,
				903AB41A217DB789004683DF /* WebServices.swift */,
				903AB415217DADFB004683DF /* Convert.swift */,
				90F7E67E217F2EA4002904F5 /* ConvertService.swift */,
				909B85282181F0AD00A09F57 /* Translate.swift */,
				900454D12184A86900D2ACFA /* TranslateService.swift */,
				903AB413217DAD49004683DF /* Weather.swift */,
				904C77BC21874769000762A6 /* WeatherService.swift */,
				904C77BE2187530A000762A6 /* Places.swift */,
			);
			path = Model;
			sourceTree = "<group>";
		};
		904C77BB21873000000762A6 /* Extensions */ = {
			isa = PBXGroup;
			children = (
				904C77B721872AD4000762A6 /* UIViewController+AlertVC.swift */,
				904C77B921872D1D000762A6 /* UIViewController+ActivityIndicator.swift */,
			);
			path = Extensions;
			sourceTree = "<group>";
		};
		90A14C14217EE7B7005F26B6 /* Controller */ = {
			isa = PBXGroup;
			children = (
				90A14C1B217EE85A005F26B6 /* ConvertViewController.swift */,
				909B85262181EF6F00A09F57 /* TranslateViewController.swift */,
				909B85242181EF4C00A09F57 /* WeatherViewController.swift */,
			);
			path = Controller;
			sourceTree = "<group>";
		};
		90D3A40F2179B9F80096C895 = {
			isa = PBXGroup;
			children = (
				90D3A41A2179B9F80096C895 /* Le Baluchon */,
				901335DA218F407F004F6599 /* Le BaluchonTests */,
				90D3A4192179B9F80096C895 /* Products */,
			);
			sourceTree = "<group>";
		};
		90D3A4192179B9F80096C895 /* Products */ = {
			isa = PBXGroup;
			children = (
				90D3A4182179B9F80096C895 /* Le Baluchon.app */,
				901335D9218F407F004F6599 /* Le BaluchonTests.xctest */,
			);
			name = Products;
			sourceTree = "<group>";
		};
		90D3A41A2179B9F80096C895 /* Le Baluchon */ = {
			isa = PBXGroup;
			children = (
				90D3A4272179B9F90096C895 /* Info.plist */,
				903AB412217DAD2D004683DF /* Model */,
				90D3A4322179C7650096C895 /* View */,
				90A14C14217EE7B7005F26B6 /* Controller */,
				90D3A42D2179C58A0096C895 /* Supporting Files */,
				904C77BB21873000000762A6 /* Extensions */,
			);
			path = "Le Baluchon";
			sourceTree = "<group>";
		};
		90D3A42D2179C58A0096C895 /* Supporting Files */ = {
			isa = PBXGroup;
			children = (
				90D3A41B2179B9F80096C895 /* AppDelegate.swift */,
				903084902179D4EE008C6853 /* mplus-1c-light.ttf */,
				903084912179D4EE008C6853 /* PlayfairDisplay-Regular.otf */,
				90D3A4222179B9F90096C895 /* Assets.xcassets */,
				909B852E2181F9DB00A09F57 /* APIKeys.swift */,
			);
			path = "Supporting Files";
			sourceTree = "<group>";
		};
		90D3A4322179C7650096C895 /* View */ = {
			isa = PBXGroup;
			children = (
				90D3A41F2179B9F80096C895 /* Main.storyboard */,
				90D3A4242179B9F90096C895 /* LaunchScreen.storyboard */,
			);
			path = View;
			sourceTree = "<group>";
		};
/* End PBXGroup section */

/* Begin PBXNativeTarget section */
		901335D8218F407F004F6599 /* Le BaluchonTests */ = {
			isa = PBXNativeTarget;
			buildConfigurationList = 901335E2218F407F004F6599 /* Build configuration list for PBXNativeTarget "Le BaluchonTests" */;
			buildPhases = (
				901335D5218F407F004F6599 /* Sources */,
				901335D6218F407F004F6599 /* Frameworks */,
				901335D7218F407F004F6599 /* Resources */,
			);
			buildRules = (
			);
			dependencies = (
				901335DF218F407F004F6599 /* PBXTargetDependency */,
			);
			name = "Le BaluchonTests";
			productName = "Le BaluchonTests";
			productReference = 901335D9218F407F004F6599 /* Le BaluchonTests.xctest */;
			productType = "com.apple.product-type.bundle.unit-test";
		};
		90D3A4172179B9F80096C895 /* Le Baluchon */ = {
			isa = PBXNativeTarget;
			buildConfigurationList = 90D3A42A2179B9F90096C895 /* Build configuration list for PBXNativeTarget "Le Baluchon" */;
			buildPhases = (
				90D3A4142179B9F80096C895 /* Sources */,
				90D3A4152179B9F80096C895 /* Frameworks */,
				90D3A4162179B9F80096C895 /* Resources */,
			);
			buildRules = (
			);
			dependencies = (
			);
			name = "Le Baluchon";
			productName = "Le Baluchon";
			productReference = 90D3A4182179B9F80096C895 /* Le Baluchon.app */;
			productType = "com.apple.product-type.application";
		};
/* End PBXNativeTarget section */

/* Begin PBXProject section */
		90D3A4102179B9F80096C895 /* Project object */ = {
			isa = PBXProject;
			attributes = {
				LastSwiftUpdateCheck = 1010;
				LastUpgradeCheck = 1000;
				ORGANIZATIONNAME = Morgan;
				TargetAttributes = {
					901335D8218F407F004F6599 = {
						CreatedOnToolsVersion = 10.1;
						LastSwiftMigration = 1010;
						TestTargetID = 90D3A4172179B9F80096C895;
					};
					90D3A4172179B9F80096C895 = {
						CreatedOnToolsVersion = 10.0;
					};
				};
			};
			buildConfigurationList = 90D3A4132179B9F80096C895 /* Build configuration list for PBXProject "Le Baluchon" */;
			compatibilityVersion = "Xcode 9.3";
			developmentRegion = en;
			hasScannedForEncodings = 0;
			knownRegions = (
				en,
				Base,
			);
			mainGroup = 90D3A40F2179B9F80096C895;
			productRefGroup = 90D3A4192179B9F80096C895 /* Products */;
			projectDirPath = "";
			projectRoot = "";
			targets = (
				90D3A4172179B9F80096C895 /* Le Baluchon */,
				901335D8218F407F004F6599 /* Le BaluchonTests */,
			);
		};
/* End PBXProject section */

/* Begin PBXResourcesBuildPhase section */
		901335D7218F407F004F6599 /* Resources */ = {
			isa = PBXResourcesBuildPhase;
			buildActionMask = 2147483647;
			files = (
				901335E6218F4208004F6599 /* fixer.json in Resources */,
				901335F5218F7F96004F6599 /* yahooWeather.json in Resources */,
				901335EE218F77DE004F6599 /* googleTranslate.json in Resources */,
			);
			runOnlyForDeploymentPostprocessing = 0;
		};
		90D3A4162179B9F80096C895 /* Resources */ = {
			isa = PBXResourcesBuildPhase;
			buildActionMask = 2147483647;
			files = (
				903084932179D4EE008C6853 /* PlayfairDisplay-Regular.otf in Resources */,
				90D3A4262179B9F90096C895 /* LaunchScreen.storyboard in Resources */,
				903084922179D4EE008C6853 /* mplus-1c-light.ttf in Resources */,
				90D3A4232179B9F90096C895 /* Assets.xcassets in Resources */,
				90D3A4212179B9F80096C895 /* Main.storyboard in Resources */,
			);
			runOnlyForDeploymentPostprocessing = 0;
		};
/* End PBXResourcesBuildPhase section */

/* Begin PBXSourcesBuildPhase section */
		901335D5218F407F004F6599 /* Sources */ = {
			isa = PBXSourcesBuildPhase;
			buildActionMask = 2147483647;
			files = (
				901335F0218F7828004F6599 /* TranslateTestCase.swift in Sources */,
				901335E4218F40F7004F6599 /* ConvertTestCase.swift in Sources */,
				901335EA218F4D8C004F6599 /* URLSessionFake.swift in Sources */,
				901335F3218F7F82004F6599 /* WeathertestCase.swift in Sources */,
				901335E8218F4A3E004F6599 /* FakeResponseData.swift in Sources */,
			);
			runOnlyForDeploymentPostprocessing = 0;
		};
		90D3A4142179B9F80096C895 /* Sources */ = {
			isa = PBXSourcesBuildPhase;
			buildActionMask = 2147483647;
			files = (
				903AB416217DADFB004683DF /* Convert.swift in Sources */,
				900454D22184A86900D2ACFA /* TranslateService.swift in Sources */,
				909B85252181EF4C00A09F57 /* WeatherViewController.swift in Sources */,
				903AB414217DAD49004683DF /* Weather.swift in Sources */,
				908DFEF621830DF6001E88EC /* HTTPMethod.swift in Sources */,
				90F1F444217F8A6000ABFFC6 /* ConvertViewController.swift in Sources */,
				904C77BA21872D1D000762A6 /* UIViewController+ActivityIndicator.swift in Sources */,
				90F7E67F217F2EA4002904F5 /* ConvertService.swift in Sources */,
				903AB41B217DB789004683DF /* WebServices.swift in Sources */,
				909B852F2181F9DB00A09F57 /* APIKeys.swift in Sources */,
				904C77BD21874769000762A6 /* WeatherService.swift in Sources */,
				909B85292181F0AD00A09F57 /* Translate.swift in Sources */,
				909B85272181EF6F00A09F57 /* TranslateViewController.swift in Sources */,
				904C77B821872AD4000762A6 /* UIViewController+AlertVC.swift in Sources */,
				90D3A41C2179B9F80096C895 /* AppDelegate.swift in Sources */,
				904C77BF2187530A000762A6 /* Places.swift in Sources */,
			);
			runOnlyForDeploymentPostprocessing = 0;
		};
/* End PBXSourcesBuildPhase section */

/* Begin PBXTargetDependency section */
		901335DF218F407F004F6599 /* PBXTargetDependency */ = {
			isa = PBXTargetDependency;
			target = 90D3A4172179B9F80096C895 /* Le Baluchon */;
			targetProxy = 901335DE218F407F004F6599 /* PBXContainerItemProxy */;
		};
/* End PBXTargetDependency section */

/* Begin PBXVariantGroup section */
		90D3A41F2179B9F80096C895 /* Main.storyboard */ = {
			isa = PBXVariantGroup;
			children = (
				90D3A4202179B9F80096C895 /* Base */,
			);
			name = Main.storyboard;
			sourceTree = "<group>";
		};
		90D3A4242179B9F90096C895 /* LaunchScreen.storyboard */ = {
			isa = PBXVariantGroup;
			children = (
				90D3A4252179B9F90096C895 /* Base */,
			);
			name = LaunchScreen.storyboard;
			sourceTree = "<group>";
		};
/* End PBXVariantGroup section */

/* Begin XCBuildConfiguration section */
		901335E0218F407F004F6599 /* Debug */ = {
			isa = XCBuildConfiguration;
			buildSettings = {
				BUNDLE_LOADER = "$(TEST_HOST)";
				CLANG_ENABLE_MODULES = YES;
				CODE_SIGN_STYLE = Automatic;
				DEVELOPMENT_TEAM = 9T22T3H63N;
				INFOPLIST_FILE = "Le BaluchonTests/Info.plist";
				IPHONEOS_DEPLOYMENT_TARGET = 12.1;
				LD_RUNPATH_SEARCH_PATHS = (
					"$(inherited)",
					"@executable_path/Frameworks",
					"@loader_path/Frameworks",
				);
				PRODUCT_BUNDLE_IDENTIFIER = "fr.t8lv4.Le-BaluchonTests";
				PRODUCT_NAME = "$(TARGET_NAME)";
				SWIFT_OPTIMIZATION_LEVEL = "-Onone";
				SWIFT_VERSION = 4.2;
				TARGETED_DEVICE_FAMILY = "1,2";
				TEST_HOST = "$(BUILT_PRODUCTS_DIR)/Le Baluchon.app/Le Baluchon";
			};
			name = Debug;
		};
		901335E1218F407F004F6599 /* Release */ = {
			isa = XCBuildConfiguration;
			buildSettings = {
				BUNDLE_LOADER = "$(TEST_HOST)";
				CLANG_ENABLE_MODULES = YES;
				CODE_SIGN_STYLE = Automatic;
				DEVELOPMENT_TEAM = 9T22T3H63N;
				INFOPLIST_FILE = "Le BaluchonTests/Info.plist";
				IPHONEOS_DEPLOYMENT_TARGET = 12.1;
				LD_RUNPATH_SEARCH_PATHS = (
					"$(inherited)",
					"@executable_path/Frameworks",
					"@loader_path/Frameworks",
				);
				PRODUCT_BUNDLE_IDENTIFIER = "fr.t8lv4.Le-BaluchonTests";
				PRODUCT_NAME = "$(TARGET_NAME)";
				SWIFT_VERSION = 4.2;
				TARGETED_DEVICE_FAMILY = "1,2";
				TEST_HOST = "$(BUILT_PRODUCTS_DIR)/Le Baluchon.app/Le Baluchon";
			};
			name = Release;
		};
		90D3A4282179B9F90096C895 /* Debug */ = {
			isa = XCBuildConfiguration;
			buildSettings = {
				ALWAYS_SEARCH_USER_PATHS = NO;
				CLANG_ANALYZER_NONNULL = YES;
				CLANG_ANALYZER_NUMBER_OBJECT_CONVERSION = YES_AGGRESSIVE;
				CLANG_CXX_LANGUAGE_STANDARD = "gnu++14";
				CLANG_CXX_LIBRARY = "libc++";
				CLANG_ENABLE_MODULES = YES;
				CLANG_ENABLE_OBJC_ARC = YES;
				CLANG_ENABLE_OBJC_WEAK = YES;
				CLANG_WARN_BLOCK_CAPTURE_AUTORELEASING = YES;
				CLANG_WARN_BOOL_CONVERSION = YES;
				CLANG_WARN_COMMA = YES;
				CLANG_WARN_CONSTANT_CONVERSION = YES;
				CLANG_WARN_DEPRECATED_OBJC_IMPLEMENTATIONS = YES;
				CLANG_WARN_DIRECT_OBJC_ISA_USAGE = YES_ERROR;
				CLANG_WARN_DOCUMENTATION_COMMENTS = YES;
				CLANG_WARN_EMPTY_BODY = YES;
				CLANG_WARN_ENUM_CONVERSION = YES;
				CLANG_WARN_INFINITE_RECURSION = YES;
				CLANG_WARN_INT_CONVERSION = YES;
				CLANG_WARN_NON_LITERAL_NULL_CONVERSION = YES;
				CLANG_WARN_OBJC_IMPLICIT_RETAIN_SELF = YES;
				CLANG_WARN_OBJC_LITERAL_CONVERSION = YES;
				CLANG_WARN_OBJC_ROOT_CLASS = YES_ERROR;
				CLANG_WARN_RANGE_LOOP_ANALYSIS = YES;
				CLANG_WARN_STRICT_PROTOTYPES = YES;
				CLANG_WARN_SUSPICIOUS_MOVE = YES;
				CLANG_WARN_UNGUARDED_AVAILABILITY = YES_AGGRESSIVE;
				CLANG_WARN_UNREACHABLE_CODE = YES;
				CLANG_WARN__DUPLICATE_METHOD_MATCH = YES;
				CODE_SIGN_IDENTITY = "iPhone Developer";
				COPY_PHASE_STRIP = NO;
				DEBUG_INFORMATION_FORMAT = dwarf;
				ENABLE_STRICT_OBJC_MSGSEND = YES;
				ENABLE_TESTABILITY = YES;
				GCC_C_LANGUAGE_STANDARD = gnu11;
				GCC_DYNAMIC_NO_PIC = NO;
				GCC_NO_COMMON_BLOCKS = YES;
				GCC_OPTIMIZATION_LEVEL = 0;
				GCC_PREPROCESSOR_DEFINITIONS = (
					"DEBUG=1",
					"$(inherited)",
				);
				GCC_WARN_64_TO_32_BIT_CONVERSION = YES;
				GCC_WARN_ABOUT_RETURN_TYPE = YES_ERROR;
				GCC_WARN_UNDECLARED_SELECTOR = YES;
				GCC_WARN_UNINITIALIZED_AUTOS = YES_AGGRESSIVE;
				GCC_WARN_UNUSED_FUNCTION = YES;
				GCC_WARN_UNUSED_VARIABLE = YES;
				IPHONEOS_DEPLOYMENT_TARGET = 12.0;
				MTL_ENABLE_DEBUG_INFO = INCLUDE_SOURCE;
				MTL_FAST_MATH = YES;
				ONLY_ACTIVE_ARCH = YES;
				SDKROOT = iphoneos;
				SWIFT_ACTIVE_COMPILATION_CONDITIONS = DEBUG;
				SWIFT_OPTIMIZATION_LEVEL = "-Onone";
			};
			name = Debug;
		};
		90D3A4292179B9F90096C895 /* Release */ = {
			isa = XCBuildConfiguration;
			buildSettings = {
				ALWAYS_SEARCH_USER_PATHS = NO;
				CLANG_ANALYZER_NONNULL = YES;
				CLANG_ANALYZER_NUMBER_OBJECT_CONVERSION = YES_AGGRESSIVE;
				CLANG_CXX_LANGUAGE_STANDARD = "gnu++14";
				CLANG_CXX_LIBRARY = "libc++";
				CLANG_ENABLE_MODULES = YES;
				CLANG_ENABLE_OBJC_ARC = YES;
				CLANG_ENABLE_OBJC_WEAK = YES;
				CLANG_WARN_BLOCK_CAPTURE_AUTORELEASING = YES;
				CLANG_WARN_BOOL_CONVERSION = YES;
				CLANG_WARN_COMMA = YES;
				CLANG_WARN_CONSTANT_CONVERSION = YES;
				CLANG_WARN_DEPRECATED_OBJC_IMPLEMENTATIONS = YES;
				CLANG_WARN_DIRECT_OBJC_ISA_USAGE = YES_ERROR;
				CLANG_WARN_DOCUMENTATION_COMMENTS = YES;
				CLANG_WARN_EMPTY_BODY = YES;
				CLANG_WARN_ENUM_CONVERSION = YES;
				CLANG_WARN_INFINITE_RECURSION = YES;
				CLANG_WARN_INT_CONVERSION = YES;
				CLANG_WARN_NON_LITERAL_NULL_CONVERSION = YES;
				CLANG_WARN_OBJC_IMPLICIT_RETAIN_SELF = YES;
				CLANG_WARN_OBJC_LITERAL_CONVERSION = YES;
				CLANG_WARN_OBJC_ROOT_CLASS = YES_ERROR;
				CLANG_WARN_RANGE_LOOP_ANALYSIS = YES;
				CLANG_WARN_STRICT_PROTOTYPES = YES;
				CLANG_WARN_SUSPICIOUS_MOVE = YES;
				CLANG_WARN_UNGUARDED_AVAILABILITY = YES_AGGRESSIVE;
				CLANG_WARN_UNREACHABLE_CODE = YES;
				CLANG_WARN__DUPLICATE_METHOD_MATCH = YES;
				CODE_SIGN_IDENTITY = "iPhone Developer";
				COPY_PHASE_STRIP = NO;
				DEBUG_INFORMATION_FORMAT = "dwarf-with-dsym";
				ENABLE_NS_ASSERTIONS = NO;
				ENABLE_STRICT_OBJC_MSGSEND = YES;
				GCC_C_LANGUAGE_STANDARD = gnu11;
				GCC_NO_COMMON_BLOCKS = YES;
				GCC_WARN_64_TO_32_BIT_CONVERSION = YES;
				GCC_WARN_ABOUT_RETURN_TYPE = YES_ERROR;
				GCC_WARN_UNDECLARED_SELECTOR = YES;
				GCC_WARN_UNINITIALIZED_AUTOS = YES_AGGRESSIVE;
				GCC_WARN_UNUSED_FUNCTION = YES;
				GCC_WARN_UNUSED_VARIABLE = YES;
				IPHONEOS_DEPLOYMENT_TARGET = 12.0;
				MTL_ENABLE_DEBUG_INFO = NO;
				MTL_FAST_MATH = YES;
				SDKROOT = iphoneos;
				SWIFT_COMPILATION_MODE = wholemodule;
				SWIFT_OPTIMIZATION_LEVEL = "-O";
				VALIDATE_PRODUCT = YES;
			};
			name = Release;
		};
		90D3A42B2179B9F90096C895 /* Debug */ = {
			isa = XCBuildConfiguration;
			buildSettings = {
				ASSETCATALOG_COMPILER_APPICON_NAME = AppIcon;
				CODE_SIGN_STYLE = Automatic;
				DEVELOPMENT_TEAM = 9T22T3H63N;
				INFOPLIST_FILE = "Le Baluchon/Info.plist";
				IPHONEOS_DEPLOYMENT_TARGET = 11.0;
				LD_RUNPATH_SEARCH_PATHS = (
					"$(inherited)",
					"@executable_path/Frameworks",
				);
				PRODUCT_BUNDLE_IDENTIFIER = "fr.t8lv4.Le-Baluchon";
				PRODUCT_NAME = "$(TARGET_NAME)";
				SWIFT_VERSION = 4.2;
				TARGETED_DEVICE_FAMILY = 1;
			};
			name = Debug;
		};
		90D3A42C2179B9F90096C895 /* Release */ = {
			isa = XCBuildConfiguration;
			buildSettings = {
				ASSETCATALOG_COMPILER_APPICON_NAME = AppIcon;
				CODE_SIGN_STYLE = Automatic;
				DEVELOPMENT_TEAM = 9T22T3H63N;
				INFOPLIST_FILE = "Le Baluchon/Info.plist";
				IPHONEOS_DEPLOYMENT_TARGET = 11.0;
				LD_RUNPATH_SEARCH_PATHS = (
					"$(inherited)",
					"@executable_path/Frameworks",
				);
				PRODUCT_BUNDLE_IDENTIFIER = "fr.t8lv4.Le-Baluchon";
				PRODUCT_NAME = "$(TARGET_NAME)";
				SWIFT_VERSION = 4.2;
				TARGETED_DEVICE_FAMILY = 1;
			};
			name = Release;
		};
/* End XCBuildConfiguration section */

/* Begin XCConfigurationList section */
		901335E2218F407F004F6599 /* Build configuration list for PBXNativeTarget "Le BaluchonTests" */ = {
			isa = XCConfigurationList;
			buildConfigurations = (
				901335E0218F407F004F6599 /* Debug */,
				901335E1218F407F004F6599 /* Release */,
			);
			defaultConfigurationIsVisible = 0;
			defaultConfigurationName = Release;
		};
		90D3A4132179B9F80096C895 /* Build configuration list for PBXProject "Le Baluchon" */ = {
			isa = XCConfigurationList;
			buildConfigurations = (
				90D3A4282179B9F90096C895 /* Debug */,
				90D3A4292179B9F90096C895 /* Release */,
			);
			defaultConfigurationIsVisible = 0;
			defaultConfigurationName = Release;
		};
		90D3A42A2179B9F90096C895 /* Build configuration list for PBXNativeTarget "Le Baluchon" */ = {
			isa = XCConfigurationList;
			buildConfigurations = (
				90D3A42B2179B9F90096C895 /* Debug */,
				90D3A42C2179B9F90096C895 /* Release */,
			);
			defaultConfigurationIsVisible = 0;
			defaultConfigurationName = Release;
		};
/* End XCConfigurationList section */
	};
	rootObject = 90D3A4102179B9F80096C895 /* Project object */;
}
