// !$*UTF8*$!
{
	archiveVersion = 1;
	classes = {
	};
	objectVersion = 50;
	objects = {

/* Begin PBXBuildFile section */
		903084922179D4EE008C6853 /* mplus-1c-light.ttf in Resources */ = {isa = PBXBuildFile; fileRef = 903084902179D4EE008C6853 /* mplus-1c-light.ttf */; };
		903084932179D4EE008C6853 /* PlayfairDisplay-Regular.otf in Resources */ = {isa = PBXBuildFile; fileRef = 903084912179D4EE008C6853 /* PlayfairDisplay-Regular.otf */; };
		903AB414217DAD49004683DF /* Weather.swift in Sources */ = {isa = PBXBuildFile; fileRef = 903AB413217DAD49004683DF /* Weather.swift */; };
		903AB416217DADFB004683DF /* CurrencyConverter.swift in Sources */ = {isa = PBXBuildFile; fileRef = 903AB415217DADFB004683DF /* CurrencyConverter.swift */; };
		903AB418217DAEE8004683DF /* WordTranslator.swift in Sources */ = {isa = PBXBuildFile; fileRef = 903AB417217DAEE8004683DF /* WordTranslator.swift */; };
		903AB41B217DB789004683DF /* WebServices.swift in Sources */ = {isa = PBXBuildFile; fileRef = 903AB41A217DB789004683DF /* WebServices.swift */; };
		90502A00217E1ADA00C04702 /* ResourceLocator.swift in Sources */ = {isa = PBXBuildFile; fileRef = 905029FF217E1ADA00C04702 /* ResourceLocator.swift */; };
		90D3A41C2179B9F80096C895 /* AppDelegate.swift in Sources */ = {isa = PBXBuildFile; fileRef = 90D3A41B2179B9F80096C895 /* AppDelegate.swift */; };
		90D3A4212179B9F80096C895 /* Main.storyboard in Resources */ = {isa = PBXBuildFile; fileRef = 90D3A41F2179B9F80096C895 /* Main.storyboard */; };
		90D3A4232179B9F90096C895 /* Assets.xcassets in Resources */ = {isa = PBXBuildFile; fileRef = 90D3A4222179B9F90096C895 /* Assets.xcassets */; };
		90D3A4262179B9F90096C895 /* LaunchScreen.storyboard in Resources */ = {isa = PBXBuildFile; fileRef = 90D3A4242179B9F90096C895 /* LaunchScreen.storyboard */; };
		90F1F444217F8A6000ABFFC6 /* CurrencyConverterViewController.swift in Sources */ = {isa = PBXBuildFile; fileRef = 90A14C1B217EE85A005F26B6 /* CurrencyConverterViewController.swift */; };
		90F7E67F217F2EA4002904F5 /* QueryService.swift in Sources */ = {isa = PBXBuildFile; fileRef = 90F7E67E217F2EA4002904F5 /* QueryService.swift */; };
/* End PBXBuildFile section */

/* Begin PBXFileReference section */
		903084902179D4EE008C6853 /* mplus-1c-light.ttf */ = {isa = PBXFileReference; lastKnownFileType = file; path = "mplus-1c-light.ttf"; sourceTree = "<group>"; };
		903084912179D4EE008C6853 /* PlayfairDisplay-Regular.otf */ = {isa = PBXFileReference; lastKnownFileType = file; path = "PlayfairDisplay-Regular.otf"; sourceTree = "<group>"; };
		903AB413217DAD49004683DF /* Weather.swift */ = {isa = PBXFileReference; lastKnownFileType = sourcecode.swift; path = Weather.swift; sourceTree = "<group>"; };
		903AB415217DADFB004683DF /* CurrencyConverter.swift */ = {isa = PBXFileReference; lastKnownFileType = sourcecode.swift; path = CurrencyConverter.swift; sourceTree = "<group>"; };
		903AB417217DAEE8004683DF /* WordTranslator.swift */ = {isa = PBXFileReference; lastKnownFileType = sourcecode.swift; path = WordTranslator.swift; sourceTree = "<group>"; };
		903AB41A217DB789004683DF /* WebServices.swift */ = {isa = PBXFileReference; lastKnownFileType = sourcecode.swift; path = WebServices.swift; sourceTree = "<group>"; };
		905029FF217E1ADA00C04702 /* ResourceLocator.swift */ = {isa = PBXFileReference; lastKnownFileType = sourcecode.swift; path = ResourceLocator.swift; sourceTree = "<group>"; };
		90A14C1B217EE85A005F26B6 /* CurrencyConverterViewController.swift */ = {isa = PBXFileReference; lastKnownFileType = sourcecode.swift; path = CurrencyConverterViewController.swift; sourceTree = "<group>"; };
		90D3A4182179B9F80096C895 /* Le Baluchon.app */ = {isa = PBXFileReference; explicitFileType = wrapper.application; includeInIndex = 0; path = "Le Baluchon.app"; sourceTree = BUILT_PRODUCTS_DIR; };
		90D3A41B2179B9F80096C895 /* AppDelegate.swift */ = {isa = PBXFileReference; lastKnownFileType = sourcecode.swift; path = AppDelegate.swift; sourceTree = "<group>"; };
		90D3A4202179B9F80096C895 /* Base */ = {isa = PBXFileReference; lastKnownFileType = file.storyboard; name = Base; path = Base.lproj/Main.storyboard; sourceTree = "<group>"; };
		90D3A4222179B9F90096C895 /* Assets.xcassets */ = {isa = PBXFileReference; lastKnownFileType = folder.assetcatalog; path = Assets.xcassets; sourceTree = "<group>"; };
		90D3A4252179B9F90096C895 /* Base */ = {isa = PBXFileReference; lastKnownFileType = file.storyboard; name = Base; path = Base.lproj/LaunchScreen.storyboard; sourceTree = "<group>"; };
		90D3A4272179B9F90096C895 /* Info.plist */ = {isa = PBXFileReference; lastKnownFileType = text.plist.xml; path = Info.plist; sourceTree = "<group>"; };
		90F7E67E217F2EA4002904F5 /* QueryService.swift */ = {isa = PBXFileReference; lastKnownFileType = sourcecode.swift; path = QueryService.swift; sourceTree = "<group>"; };
/* End PBXFileReference section */

/* Begin PBXFrameworksBuildPhase section */
		90D3A4152179B9F80096C895 /* Frameworks */ = {
			isa = PBXFrameworksBuildPhase;
			buildActionMask = 2147483647;
			files = (
			);
			runOnlyForDeploymentPostprocessing = 0;
		};
/* End PBXFrameworksBuildPhase section */

/* Begin PBXGroup section */
		903AB412217DAD2D004683DF /* Model */ = {
			isa = PBXGroup;
			children = (
				903AB415217DADFB004683DF /* CurrencyConverter.swift */,
				903AB413217DAD49004683DF /* Weather.swift */,
				903AB417217DAEE8004683DF /* WordTranslator.swift */,
			);
			path = Model;
			sourceTree = "<group>";
		};
		903AB419217DAEFA004683DF /* Networking */ = {
			isa = PBXGroup;
			children = (
				903AB41A217DB789004683DF /* WebServices.swift */,
				905029FF217E1ADA00C04702 /* ResourceLocator.swift */,
				90F7E67E217F2EA4002904F5 /* QueryService.swift */,
			);
			path = Networking;
			sourceTree = "<group>";
		};
		90A14C14217EE7B7005F26B6 /* Controller */ = {
			isa = PBXGroup;
			children = (
				90A14C1B217EE85A005F26B6 /* CurrencyConverterViewController.swift */,
			);
			path = Controller;
			sourceTree = "<group>";
		};
		90D3A40F2179B9F80096C895 = {
			isa = PBXGroup;
			children = (
				90D3A41A2179B9F80096C895 /* Le Baluchon */,
				90D3A4192179B9F80096C895 /* Products */,
			);
			sourceTree = "<group>";
		};
		90D3A4192179B9F80096C895 /* Products */ = {
			isa = PBXGroup;
			children = (
				90D3A4182179B9F80096C895 /* Le Baluchon.app */,
			);
			name = Products;
			sourceTree = "<group>";
		};
		90D3A41A2179B9F80096C895 /* Le Baluchon */ = {
			isa = PBXGroup;
			children = (
				90D3A4272179B9F90096C895 /* Info.plist */,
				903AB412217DAD2D004683DF /* Model */,
				90D3A4322179C7650096C895 /* View */,
				90A14C14217EE7B7005F26B6 /* Controller */,
				903AB419217DAEFA004683DF /* Networking */,
				90D3A42D2179C58A0096C895 /* Supporting Files */,
			);
			path = "Le Baluchon";
			sourceTree = "<group>";
		};
		90D3A42D2179C58A0096C895 /* Supporting Files */ = {
			isa = PBXGroup;
			children = (
				90D3A41B2179B9F80096C895 /* AppDelegate.swift */,
				903084902179D4EE008C6853 /* mplus-1c-light.ttf */,
				903084912179D4EE008C6853 /* PlayfairDisplay-Regular.otf */,
				90D3A4222179B9F90096C895 /* Assets.xcassets */,
			);
			path = "Supporting Files";
			sourceTree = "<group>";
		};
		90D3A4322179C7650096C895 /* View */ = {
			isa = PBXGroup;
			children = (
				90D3A41F2179B9F80096C895 /* Main.storyboard */,
				90D3A4242179B9F90096C895 /* LaunchScreen.storyboard */,
			);
			path = View;
			sourceTree = "<group>";
		};
/* End PBXGroup section */

/* Begin PBXNativeTarget section */
		90D3A4172179B9F80096C895 /* Le Baluchon */ = {
			isa = PBXNativeTarget;
			buildConfigurationList = 90D3A42A2179B9F90096C895 /* Build configuration list for PBXNativeTarget "Le Baluchon" */;
			buildPhases = (
				90D3A4142179B9F80096C895 /* Sources */,
				90D3A4152179B9F80096C895 /* Frameworks */,
				90D3A4162179B9F80096C895 /* Resources */,
			);
			buildRules = (
			);
			dependencies = (
			);
			name = "Le Baluchon";
			productName = "Le Baluchon";
			productReference = 90D3A4182179B9F80096C895 /* Le Baluchon.app */;
			productType = "com.apple.product-type.application";
		};
/* End PBXNativeTarget section */

/* Begin PBXProject section */
		90D3A4102179B9F80096C895 /* Project object */ = {
			isa = PBXProject;
			attributes = {
				LastSwiftUpdateCheck = 1000;
				LastUpgradeCheck = 1000;
				ORGANIZATIONNAME = Morgan;
				TargetAttributes = {
					90D3A4172179B9F80096C895 = {
						CreatedOnToolsVersion = 10.0;
					};
				};
			};
			buildConfigurationList = 90D3A4132179B9F80096C895 /* Build configuration list for PBXProject "Le Baluchon" */;
			compatibilityVersion = "Xcode 9.3";
			developmentRegion = en;
			hasScannedForEncodings = 0;
			knownRegions = (
				en,
				Base,
			);
			mainGroup = 90D3A40F2179B9F80096C895;
			productRefGroup = 90D3A4192179B9F80096C895 /* Products */;
			projectDirPath = "";
			projectRoot = "";
			targets = (
				90D3A4172179B9F80096C895 /* Le Baluchon */,
			);
		};
/* End PBXProject section */

/* Begin PBXResourcesBuildPhase section */
		90D3A4162179B9F80096C895 /* Resources */ = {
			isa = PBXResourcesBuildPhase;
			buildActionMask = 2147483647;
			files = (
				903084932179D4EE008C6853 /* PlayfairDisplay-Regular.otf in Resources */,
				90D3A4262179B9F90096C895 /* LaunchScreen.storyboard in Resources */,
				903084922179D4EE008C6853 /* mplus-1c-light.ttf in Resources */,
				90D3A4232179B9F90096C895 /* Assets.xcassets in Resources */,
				90D3A4212179B9F80096C895 /* Main.storyboard in Resources */,
			);
			runOnlyForDeploymentPostprocessing = 0;
		};
/* End PBXResourcesBuildPhase section */

/* Begin PBXSourcesBuildPhase section */
		90D3A4142179B9F80096C895 /* Sources */ = {
			isa = PBXSourcesBuildPhase;
			buildActionMask = 2147483647;
			files = (
				903AB416217DADFB004683DF /* CurrencyConverter.swift in Sources */,
				903AB414217DAD49004683DF /* Weather.swift in Sources */,
				90F1F444217F8A6000ABFFC6 /* CurrencyConverterViewController.swift in Sources */,
				903AB418217DAEE8004683DF /* WordTranslator.swift in Sources */,
				90502A00217E1ADA00C04702 /* ResourceLocator.swift in Sources */,
				90F7E67F217F2EA4002904F5 /* QueryService.swift in Sources */,
				903AB41B217DB789004683DF /* WebServices.swift in Sources */,
				90D3A41C2179B9F80096C895 /* AppDelegate.swift in Sources */,
			);
			runOnlyForDeploymentPostprocessing = 0;
		};
/* End PBXSourcesBuildPhase section */

/* Begin PBXVariantGroup section */
		90D3A41F2179B9F80096C895 /* Main.storyboard */ = {
			isa = PBXVariantGroup;
			children = (
				90D3A4202179B9F80096C895 /* Base */,
			);
			name = Main.storyboard;
			sourceTree = "<group>";
		};
		90D3A4242179B9F90096C895 /* LaunchScreen.storyboard */ = {
			isa = PBXVariantGroup;
			children = (
				90D3A4252179B9F90096C895 /* Base */,
			);
			name = LaunchScreen.storyboard;
			sourceTree = "<group>";
		};
/* End PBXVariantGroup section */

/* Begin XCBuildConfiguration section */
		90D3A4282179B9F90096C895 /* Debug */ = {
			isa = XCBuildConfiguration;
			buildSettings = {
				ALWAYS_SEARCH_USER_PATHS = NO;
				CLANG_ANALYZER_NONNULL = YES;
				CLANG_ANALYZER_NUMBER_OBJECT_CONVERSION = YES_AGGRESSIVE;
				CLANG_CXX_LANGUAGE_STANDARD = "gnu++14";
				CLANG_CXX_LIBRARY = "libc++";
				CLANG_ENABLE_MODULES = YES;
				CLANG_ENABLE_OBJC_ARC = YES;
				CLANG_ENABLE_OBJC_WEAK = YES;
				CLANG_WARN_BLOCK_CAPTURE_AUTORELEASING = YES;
				CLANG_WARN_BOOL_CONVERSION = YES;
				CLANG_WARN_COMMA = YES;
				CLANG_WARN_CONSTANT_CONVERSION = YES;
				CLANG_WARN_DEPRECATED_OBJC_IMPLEMENTATIONS = YES;
				CLANG_WARN_DIRECT_OBJC_ISA_USAGE = YES_ERROR;
				CLANG_WARN_DOCUMENTATION_COMMENTS = YES;
				CLANG_WARN_EMPTY_BODY = YES;
				CLANG_WARN_ENUM_CONVERSION = YES;
				CLANG_WARN_INFINITE_RECURSION = YES;
				CLANG_WARN_INT_CONVERSION = YES;
				CLANG_WARN_NON_LITERAL_NULL_CONVERSION = YES;
				CLANG_WARN_OBJC_IMPLICIT_RETAIN_SELF = YES;
				CLANG_WARN_OBJC_LITERAL_CONVERSION = YES;
				CLANG_WARN_OBJC_ROOT_CLASS = YES_ERROR;
				CLANG_WARN_RANGE_LOOP_ANALYSIS = YES;
				CLANG_WARN_STRICT_PROTOTYPES = YES;
				CLANG_WARN_SUSPICIOUS_MOVE = YES;
				CLANG_WARN_UNGUARDED_AVAILABILITY = YES_AGGRESSIVE;
				CLANG_WARN_UNREACHABLE_CODE = YES;
				CLANG_WARN__DUPLICATE_METHOD_MATCH = YES;
				CODE_SIGN_IDENTITY = "iPhone Developer";
				COPY_PHASE_STRIP = NO;
				DEBUG_INFORMATION_FORMAT = dwarf;
				ENABLE_STRICT_OBJC_MSGSEND = YES;
				ENABLE_TESTABILITY = YES;
				GCC_C_LANGUAGE_STANDARD = gnu11;
				GCC_DYNAMIC_NO_PIC = NO;
				GCC_NO_COMMON_BLOCKS = YES;
				GCC_OPTIMIZATION_LEVEL = 0;
				GCC_PREPROCESSOR_DEFINITIONS = (
					"DEBUG=1",
					"$(inherited)",
				);
				GCC_WARN_64_TO_32_BIT_CONVERSION = YES;
				GCC_WARN_ABOUT_RETURN_TYPE = YES_ERROR;
				GCC_WARN_UNDECLARED_SELECTOR = YES;
				GCC_WARN_UNINITIALIZED_AUTOS = YES_AGGRESSIVE;
				GCC_WARN_UNUSED_FUNCTION = YES;
				GCC_WARN_UNUSED_VARIABLE = YES;
				IPHONEOS_DEPLOYMENT_TARGET = 12.0;
				MTL_ENABLE_DEBUG_INFO = INCLUDE_SOURCE;
				MTL_FAST_MATH = YES;
				ONLY_ACTIVE_ARCH = YES;
				SDKROOT = iphoneos;
				SWIFT_ACTIVE_COMPILATION_CONDITIONS = DEBUG;
				SWIFT_OPTIMIZATION_LEVEL = "-Onone";
			};
			name = Debug;
		};
		90D3A4292179B9F90096C895 /* Release */ = {
			isa = XCBuildConfiguration;
			buildSettings = {
				ALWAYS_SEARCH_USER_PATHS = NO;
				CLANG_ANALYZER_NONNULL = YES;
				CLANG_ANALYZER_NUMBER_OBJECT_CONVERSION = YES_AGGRESSIVE;
				CLANG_CXX_LANGUAGE_STANDARD = "gnu++14";
				CLANG_CXX_LIBRARY = "libc++";
				CLANG_ENABLE_MODULES = YES;
				CLANG_ENABLE_OBJC_ARC = YES;
				CLANG_ENABLE_OBJC_WEAK = YES;
				CLANG_WARN_BLOCK_CAPTURE_AUTORELEASING = YES;
				CLANG_WARN_BOOL_CONVERSION = YES;
				CLANG_WARN_COMMA = YES;
				CLANG_WARN_CONSTANT_CONVERSION = YES;
				CLANG_WARN_DEPRECATED_OBJC_IMPLEMENTATIONS = YES;
				CLANG_WARN_DIRECT_OBJC_ISA_USAGE = YES_ERROR;
				CLANG_WARN_DOCUMENTATION_COMMENTS = YES;
				CLANG_WARN_EMPTY_BODY = YES;
				CLANG_WARN_ENUM_CONVERSION = YES;
				CLANG_WARN_INFINITE_RECURSION = YES;
				CLANG_WARN_INT_CONVERSION = YES;
				CLANG_WARN_NON_LITERAL_NULL_CONVERSION = YES;
				CLANG_WARN_OBJC_IMPLICIT_RETAIN_SELF = YES;
				CLANG_WARN_OBJC_LITERAL_CONVERSION = YES;
				CLANG_WARN_OBJC_ROOT_CLASS = YES_ERROR;
				CLANG_WARN_RANGE_LOOP_ANALYSIS = YES;
				CLANG_WARN_STRICT_PROTOTYPES = YES;
				CLANG_WARN_SUSPICIOUS_MOVE = YES;
				CLANG_WARN_UNGUARDED_AVAILABILITY = YES_AGGRESSIVE;
				CLANG_WARN_UNREACHABLE_CODE = YES;
				CLANG_WARN__DUPLICATE_METHOD_MATCH = YES;
				CODE_SIGN_IDENTITY = "iPhone Developer";
				COPY_PHASE_STRIP = NO;
				DEBUG_INFORMATION_FORMAT = "dwarf-with-dsym";
				ENABLE_NS_ASSERTIONS = NO;
				ENABLE_STRICT_OBJC_MSGSEND = YES;
				GCC_C_LANGUAGE_STANDARD = gnu11;
				GCC_NO_COMMON_BLOCKS = YES;
				GCC_WARN_64_TO_32_BIT_CONVERSION = YES;
				GCC_WARN_ABOUT_RETURN_TYPE = YES_ERROR;
				GCC_WARN_UNDECLARED_SELECTOR = YES;
				GCC_WARN_UNINITIALIZED_AUTOS = YES_AGGRESSIVE;
				GCC_WARN_UNUSED_FUNCTION = YES;
				GCC_WARN_UNUSED_VARIABLE = YES;
				IPHONEOS_DEPLOYMENT_TARGET = 12.0;
				MTL_ENABLE_DEBUG_INFO = NO;
				MTL_FAST_MATH = YES;
				SDKROOT = iphoneos;
				SWIFT_COMPILATION_MODE = wholemodule;
				SWIFT_OPTIMIZATION_LEVEL = "-O";
				VALIDATE_PRODUCT = YES;
			};
			name = Release;
		};
		90D3A42B2179B9F90096C895 /* Debug */ = {
			isa = XCBuildConfiguration;
			buildSettings = {
				ASSETCATALOG_COMPILER_APPICON_NAME = AppIcon;
				CODE_SIGN_STYLE = Automatic;
				DEVELOPMENT_TEAM = 9T22T3H63N;
				INFOPLIST_FILE = "Le Baluchon/Info.plist";
				IPHONEOS_DEPLOYMENT_TARGET = 11.0;
				LD_RUNPATH_SEARCH_PATHS = (
					"$(inherited)",
					"@executable_path/Frameworks",
				);
				PRODUCT_BUNDLE_IDENTIFIER = "fr.t8lv4.Le-Baluchon";
				PRODUCT_NAME = "$(TARGET_NAME)";
				SWIFT_VERSION = 4.2;
				TARGETED_DEVICE_FAMILY = 1;
			};
			name = Debug;
		};
		90D3A42C2179B9F90096C895 /* Release */ = {
			isa = XCBuildConfiguration;
			buildSettings = {
				ASSETCATALOG_COMPILER_APPICON_NAME = AppIcon;
				CODE_SIGN_STYLE = Automatic;
				DEVELOPMENT_TEAM = 9T22T3H63N;
				INFOPLIST_FILE = "Le Baluchon/Info.plist";
				IPHONEOS_DEPLOYMENT_TARGET = 11.0;
				LD_RUNPATH_SEARCH_PATHS = (
					"$(inherited)",
					"@executable_path/Frameworks",
				);
				PRODUCT_BUNDLE_IDENTIFIER = "fr.t8lv4.Le-Baluchon";
				PRODUCT_NAME = "$(TARGET_NAME)";
				SWIFT_VERSION = 4.2;
				TARGETED_DEVICE_FAMILY = 1;
			};
			name = Release;
		};
/* End XCBuildConfiguration section */

/* Begin XCConfigurationList section */
		90D3A4132179B9F80096C895 /* Build configuration list for PBXProject "Le Baluchon" */ = {
			isa = XCConfigurationList;
			buildConfigurations = (
				90D3A4282179B9F90096C895 /* Debug */,
				90D3A4292179B9F90096C895 /* Release */,
			);
			defaultConfigurationIsVisible = 0;
			defaultConfigurationName = Release;
		};
		90D3A42A2179B9F90096C895 /* Build configuration list for PBXNativeTarget "Le Baluchon" */ = {
			isa = XCConfigurationList;
			buildConfigurations = (
				90D3A42B2179B9F90096C895 /* Debug */,
				90D3A42C2179B9F90096C895 /* Release */,
			);
			defaultConfigurationIsVisible = 0;
			defaultConfigurationName = Release;
		};
/* End XCConfigurationList section */
	};
	rootObject = 90D3A4102179B9F80096C895 /* Project object */;
}
